
Microsoft Visual Studio Solution File, Format Version 12.00
# Visual Studio 15
Project("{FAE04EC0-301F-11D3-BF4B-00C04F79EFBC}") = "Assembly-CSharp", "Assembly-CSharp.csproj", "{50D4688C-3737-7F03-89E5-233050AF11BC}"
EndProject
Project("{FAE04EC0-301F-11D3-BF4B-00C04F79EFBC}") = "Assembly-CSharp-firstpass", "Assembly-CSharp-firstpass.csproj", "{10E1B9DA-1809-0B24-58C9-0EBF10E601A7}"
EndProject
Project("{FAE04EC0-301F-11D3-BF4B-00C04F79EFBC}") = "Assembly-CSharp-Editor", "Assembly-CSharp-Editor.csproj", "{975FC33C-ECB9-64E8-4B29-F4DBA8E16C6E}"
EndProject
Global
	GlobalSection(SolutionConfigurationPlatforms) = preSolution
		Debug|Any CPU = Debug|Any CPU
		Release|Any CPU = Release|Any CPU
	EndGlobalSection
	GlobalSection(ProjectConfigurationPlatforms) = postSolution
		{50D4688C-3737-7F03-89E5-233050AF11BC}.Debug|Any CPU.ActiveCfg = Debug|Any CPU
		{50D4688C-3737-7F03-89E5-233050AF11BC}.Debug|Any CPU.Build.0 = Debug|Any CPU
		{50D4688C-3737-7F03-89E5-233050AF11BC}.Release|Any CPU.ActiveCfg = Release|Any CPU
		{50D4688C-3737-7F03-89E5-233050AF11BC}.Release|Any CPU.Build.0 = Release|Any CPU
		{10E1B9DA-1809-0B24-58C9-0EBF10E601A7}.Debug|Any CPU.ActiveCfg = Debug|Any CPU
		{10E1B9DA-1809-0B24-58C9-0EBF10E601A7}.Debug|Any CPU.Build.0 = Debug|Any CPU
		{10E1B9DA-1809-0B24-58C9-0EBF10E601A7}.Release|Any CPU.ActiveCfg = Release|Any CPU
		{10E1B9DA-1809-0B24-58C9-0EBF10E601A7}.Release|Any CPU.Build.0 = Release|Any CPU
		{975FC33C-ECB9-64E8-4B29-F4DBA8E16C6E}.Debug|Any CPU.ActiveCfg = Debug|Any CPU
		{975FC33C-ECB9-64E8-4B29-F4DBA8E16C6E}.Debug|Any CPU.Build.0 = Debug|Any CPU
		{975FC33C-ECB9-64E8-4B29-F4DBA8E16C6E}.Release|Any CPU.ActiveCfg = Release|Any CPU
		{975FC33C-ECB9-64E8-4B29-F4DBA8E16C6E}.Release|Any CPU.Build.0 = Release|Any CPU
	EndGlobalSection
	GlobalSection(SolutionProperties) = preSolution
		HideSolutionNode = FALSE
	EndGlobalSection
EndGlobal
